
Microsoft Visual Studio Solution File, Format Version 12.00
# Visual Studio 15
VisualStudioVersion = 15.0.28010.2050
MinimumVisualStudioVersion = 10.0.40219.1
Project("{FAE04EC0-301F-11D3-BF4B-00C04F79EFBC}") = "OneWayList", "OneWayList\OneWayList.csproj", "{BE7F8AEA-C1DE-4C92-B80B-D2D5CD127B9B}"
EndProject
Project("{FAE04EC0-301F-11D3-BF4B-00C04F79EFBC}") = "ClassLibrary", "ClassLibrary\ClassLibrary.csproj", "{504E60D1-F14A-429E-BA23-25BABB664AF4}"
EndProject
Global
	GlobalSection(SolutionConfigurationPlatforms) = preSolution
		Debug|Any CPU = Debug|Any CPU
		Release|Any CPU = Release|Any CPU
	EndGlobalSection
	GlobalSection(ProjectConfigurationPlatforms) = postSolution
		{BE7F8AEA-C1DE-4C92-B80B-D2D5CD127B9B}.Debug|Any CPU.ActiveCfg = Debug|Any CPU
		{BE7F8AEA-C1DE-4C92-B80B-D2D5CD127B9B}.Debug|Any CPU.Build.0 = Debug|Any CPU
		{BE7F8AEA-C1DE-4C92-B80B-D2D5CD127B9B}.Release|Any CPU.ActiveCfg = Release|Any CPU
		{BE7F8AEA-C1DE-4C92-B80B-D2D5CD127B9B}.Release|Any CPU.Build.0 = Release|Any CPU
		{504E60D1-F14A-429E-BA23-25BABB664AF4}.Debug|Any CPU.ActiveCfg = Debug|Any CPU
		{504E60D1-F14A-429E-BA23-25BABB664AF4}.Debug|Any CPU.Build.0 = Debug|Any CPU
		{504E60D1-F14A-429E-BA23-25BABB664AF4}.Release|Any CPU.ActiveCfg = Release|Any CPU
		{504E60D1-F14A-429E-BA23-25BABB664AF4}.Release|Any CPU.Build.0 = Release|Any CPU
	EndGlobalSection
	GlobalSection(SolutionProperties) = preSolution
		HideSolutionNode = FALSE
	EndGlobalSection
	GlobalSection(ExtensibilityGlobals) = postSolution
		SolutionGuid = {303F5758-0F22-4471-AE41-D38D99D89B43}
	EndGlobalSection
EndGlobal
